
Microsoft Visual Studio Solution File, Format Version 12.00
# Visual Studio Version 17
VisualStudioVersion = 17.9.34728.123
MinimumVisualStudioVersion = 10.0.40219.1
Project("{FAE04EC0-301F-11D3-BF4B-00C04F79EFBC}") = "Fiorella.App", "Fiorella.App\Fiorella.App.csproj", "{7CF671D4-0C48-4DA0-8FDD-BEEA76E23B73}"
EndProject
Global
	GlobalSection(SolutionConfigurationPlatforms) = preSolution
		Debug|Any CPU = Debug|Any CPU
		Release|Any CPU = Release|Any CPU
	EndGlobalSection
	GlobalSection(ProjectConfigurationPlatforms) = postSolution
		{7CF671D4-0C48-4DA0-8FDD-BEEA76E23B73}.Debug|Any CPU.ActiveCfg = Debug|Any CPU
		{7CF671D4-0C48-4DA0-8FDD-BEEA76E23B73}.Debug|Any CPU.Build.0 = Debug|Any CPU
		{7CF671D4-0C48-4DA0-8FDD-BEEA76E23B73}.Release|Any CPU.ActiveCfg = Release|Any CPU
		{7CF671D4-0C48-4DA0-8FDD-BEEA76E23B73}.Release|Any CPU.Build.0 = Release|Any CPU
	EndGlobalSection
	GlobalSection(SolutionProperties) = preSolution
		HideSolutionNode = FALSE
	EndGlobalSection
	GlobalSection(ExtensibilityGlobals) = postSolution
		SolutionGuid = {F8AD14B5-6A50-4F66-B11B-DDCFD72725BE}
	EndGlobalSection
EndGlobal
